// !$*UTF8*$!
{
	archiveVersion = 1;
	classes = {
	};
	objectVersion = 77;
	objects = {

/* Begin PBXContainerItemProxy section */
		D88A5A3E2E56545300FE71ED /* PBXContainerItemProxy */ = {
			isa = PBXContainerItemProxy;
			containerPortal = D88A5A272E56545200FE71ED /* Project object */;
			proxyType = 1;
			remoteGlobalIDString = D88A5A2E2E56545200FE71ED;
			remoteInfo = SpyPaste;
		};
		D88A5A482E56545300FE71ED /* PBXContainerItemProxy */ = {
			isa = PBXContainerItemProxy;
			containerPortal = D88A5A272E56545200FE71ED /* Project object */;
			proxyType = 1;
			remoteGlobalIDString = D88A5A2E2E56545200FE71ED;
			remoteInfo = SpyPaste;
		};
/* End PBXContainerItemProxy section */

/* Begin PBXFileReference section */
		D88A5A2F2E56545200FE71ED /* SpyPaste.app */ = {isa = PBXFileReference; explicitFileType = wrapper.application; includeInIndex = 0; path = SpyPaste.app; sourceTree = BUILT_PRODUCTS_DIR; };
		D88A5A3D2E56545300FE71ED /* SpyPasteTests.xctest */ = {isa = PBXFileReference; explicitFileType = wrapper.cfbundle; includeInIndex = 0; path = SpyPasteTests.xctest; sourceTree = BUILT_PRODUCTS_DIR; };
		D88A5A472E56545300FE71ED /* SpyPasteUITests.xctest */ = {isa = PBXFileReference; explicitFileType = wrapper.cfbundle; includeInIndex = 0; path = SpyPasteUITests.xctest; sourceTree = BUILT_PRODUCTS_DIR; };
/* End PBXFileReference section */

/* Begin PBXFileSystemSynchronizedRootGroup section */
		D88A5A312E56545200FE71ED /* SpyPaste */ = {
			isa = PBXFileSystemSynchronizedRootGroup;
			path = SpyPaste;
			sourceTree = "<group>";
		};
		D88A5A402E56545300FE71ED /* SpyPasteTests */ = {
			isa = PBXFileSystemSynchronizedRootGroup;
			path = SpyPasteTests;
			sourceTree = "<group>";
		};
		D88A5A4A2E56545300FE71ED /* SpyPasteUITests */ = {
			isa = PBXFileSystemSynchronizedRootGroup;
			path = SpyPasteUITests;
			sourceTree = "<group>";
		};
/* End PBXFileSystemSynchronizedRootGroup section */

/* Begin PBXFrameworksBuildPhase section */
		D88A5A2C2E56545200FE71ED /* Frameworks */ = {
			isa = PBXFrameworksBuildPhase;
			buildActionMask = 2147483647;
			files = (
			);
			runOnlyForDeploymentPostprocessing = 0;
		};
		D88A5A3A2E56545300FE71ED /* Frameworks */ = {
			isa = PBXFrameworksBuildPhase;
			buildActionMask = 2147483647;
			files = (
			);
			runOnlyForDeploymentPostprocessing = 0;
		};
		D88A5A442E56545300FE71ED /* Frameworks */ = {
			isa = PBXFrameworksBuildPhase;
			buildActionMask = 2147483647;
			files = (
			);
			runOnlyForDeploymentPostprocessing = 0;
		};
/* End PBXFrameworksBuildPhase section */

/* Begin PBXGroup section */
		D88A5A262E56545200FE71ED = {
			isa = PBXGroup;
			children = (
				D88A5A312E56545200FE71ED /* SpyPaste */,
				D88A5A402E56545300FE71ED /* SpyPasteTests */,
				D88A5A4A2E56545300FE71ED /* SpyPasteUITests */,
				D88A5A302E56545200FE71ED /* Products */,
			);
			sourceTree = "<group>";
		};
		D88A5A302E56545200FE71ED /* Products */ = {
			isa = PBXGroup;
			children = (
				D88A5A2F2E56545200FE71ED /* SpyPaste.app */,
				D88A5A3D2E56545300FE71ED /* SpyPasteTests.xctest */,
				D88A5A472E56545300FE71ED /* SpyPasteUITests.xctest */,
			);
			name = Products;
			sourceTree = "<group>";
		};
/* End PBXGroup section */

/* Begin PBXNativeTarget section */
		D88A5A2E2E56545200FE71ED /* SpyPaste */ = {
			isa = PBXNativeTarget;
			buildConfigurationList = D88A5A512E56545300FE71ED /* Build configuration list for PBXNativeTarget "SpyPaste" */;
			buildPhases = (
				D88A5A2B2E56545200FE71ED /* Sources */,
				D88A5A2C2E56545200FE71ED /* Frameworks */,
				D88A5A2D2E56545200FE71ED /* Resources */,
			);
			buildRules = (
			);
			dependencies = (
			);
			fileSystemSynchronizedGroups = (
				D88A5A312E56545200FE71ED /* SpyPaste */,
			);
			name = SpyPaste;
			packageProductDependencies = (
			);
			productName = SpyPaste;
			productReference = D88A5A2F2E56545200FE71ED /* SpyPaste.app */;
			productType = "com.apple.product-type.application";
		};
		D88A5A3C2E56545300FE71ED /* SpyPasteTests */ = {
			isa = PBXNativeTarget;
			buildConfigurationList = D88A5A542E56545300FE71ED /* Build configuration list for PBXNativeTarget "SpyPasteTests" */;
			buildPhases = (
				D88A5A392E56545300FE71ED /* Sources */,
				D88A5A3A2E56545300FE71ED /* Frameworks */,
				D88A5A3B2E56545300FE71ED /* Resources */,
			);
			buildRules = (
			);
			dependencies = (
				D88A5A3F2E56545300FE71ED /* PBXTargetDependency */,
			);
			fileSystemSynchronizedGroups = (
				D88A5A402E56545300FE71ED /* SpyPasteTests */,
			);
			name = SpyPasteTests;
			packageProductDependencies = (
			);
			productName = SpyPasteTests;
			productReference = D88A5A3D2E56545300FE71ED /* SpyPasteTests.xctest */;
			productType = "com.apple.product-type.bundle.unit-test";
		};
		D88A5A462E56545300FE71ED /* SpyPasteUITests */ = {
			isa = PBXNativeTarget;
			buildConfigurationList = D88A5A572E56545300FE71ED /* Build configuration list for PBXNativeTarget "SpyPasteUITests" */;
			buildPhases = (
				D88A5A432E56545300FE71ED /* Sources */,
				D88A5A442E56545300FE71ED /* Frameworks */,
				D88A5A452E56545300FE71ED /* Resources */,
			);
			buildRules = (
			);
			dependencies = (
				D88A5A492E56545300FE71ED /* PBXTargetDependency */,
			);
			fileSystemSynchronizedGroups = (
				D88A5A4A2E56545300FE71ED /* SpyPasteUITests */,
			);
			name = SpyPasteUITests;
			packageProductDependencies = (
			);
			productName = SpyPasteUITests;
			productReference = D88A5A472E56545300FE71ED /* SpyPasteUITests.xctest */;
			productType = "com.apple.product-type.bundle.ui-testing";
		};
/* End PBXNativeTarget section */

/* Begin PBXProject section */
		D88A5A272E56545200FE71ED /* Project object */ = {
			isa = PBXProject;
			attributes = {
				BuildIndependentTargetsInParallel = 1;
				LastSwiftUpdateCheck = 1640;
				LastUpgradeCheck = 1640;
				TargetAttributes = {
					D88A5A2E2E56545200FE71ED = {
						CreatedOnToolsVersion = 16.4;
					};
					D88A5A3C2E56545300FE71ED = {
						CreatedOnToolsVersion = 16.4;
						TestTargetID = D88A5A2E2E56545200FE71ED;
					};
					D88A5A462E56545300FE71ED = {
						CreatedOnToolsVersion = 16.4;
						TestTargetID = D88A5A2E2E56545200FE71ED;
					};
				};
			};
			buildConfigurationList = D88A5A2A2E56545200FE71ED /* Build configuration list for PBXProject "SpyPaste" */;
			developmentRegion = en;
			hasScannedForEncodings = 0;
			knownRegions = (
				en,
				Base,
			);
			mainGroup = D88A5A262E56545200FE71ED;
			minimizedProjectReferenceProxies = 1;
			preferredProjectObjectVersion = 77;
			productRefGroup = D88A5A302E56545200FE71ED /* Products */;
			projectDirPath = "";
			projectRoot = "";
			targets = (
				D88A5A2E2E56545200FE71ED /* SpyPaste */,
				D88A5A3C2E56545300FE71ED /* SpyPasteTests */,
				D88A5A462E56545300FE71ED /* SpyPasteUITests */,
			);
		};
/* End PBXProject section */

/* Begin PBXResourcesBuildPhase section */
		D88A5A2D2E56545200FE71ED /* Resources */ = {
			isa = PBXResourcesBuildPhase;
			buildActionMask = 2147483647;
			files = (
			);
			runOnlyForDeploymentPostprocessing = 0;
		};
		D88A5A3B2E56545300FE71ED /* Resources */ = {
			isa = PBXResourcesBuildPhase;
			buildActionMask = 2147483647;
			files = (
			);
			runOnlyForDeploymentPostprocessing = 0;
		};
		D88A5A452E56545300FE71ED /* Resources */ = {
			isa = PBXResourcesBuildPhase;
			buildActionMask = 2147483647;
			files = (
			);
			runOnlyForDeploymentPostprocessing = 0;
		};
/* End PBXResourcesBuildPhase section */

/* Begin PBXSourcesBuildPhase section */
		D88A5A2B2E56545200FE71ED /* Sources */ = {
			isa = PBXSourcesBuildPhase;
			buildActionMask = 2147483647;
			files = (
			);
			runOnlyForDeploymentPostprocessing = 0;
		};
		D88A5A392E56545300FE71ED /* Sources */ = {
			isa = PBXSourcesBuildPhase;
			buildActionMask = 2147483647;
			files = (
			);
			runOnlyForDeploymentPostprocessing = 0;
		};
		D88A5A432E56545300FE71ED /* Sources */ = {
			isa = PBXSourcesBuildPhase;
			buildActionMask = 2147483647;
			files = (
			);
			runOnlyForDeploymentPostprocessing = 0;
		};
/* End PBXSourcesBuildPhase section */

/* Begin PBXTargetDependency section */
		D88A5A3F2E56545300FE71ED /* PBXTargetDependency */ = {
			isa = PBXTargetDependency;
			target = D88A5A2E2E56545200FE71ED /* SpyPaste */;
			targetProxy = D88A5A3E2E56545300FE71ED /* PBXContainerItemProxy */;
		};
		D88A5A492E56545300FE71ED /* PBXTargetDependency */ = {
			isa = PBXTargetDependency;
			target = D88A5A2E2E56545200FE71ED /* SpyPaste */;
			targetProxy = D88A5A482E56545300FE71ED /* PBXContainerItemProxy */;
		};
/* End PBXTargetDependency section */

/* Begin XCBuildConfiguration section */
		D88A5A4F2E56545300FE71ED /* Debug */ = {
			isa = XCBuildConfiguration;
			buildSettings = {
				ALWAYS_SEARCH_USER_PATHS = NO;
				ASSETCATALOG_COMPILER_GENERATE_SWIFT_ASSET_SYMBOL_EXTENSIONS = YES;
				CLANG_ANALYZER_NONNULL = YES;
				CLANG_ANALYZER_NUMBER_OBJECT_CONVERSION = YES_AGGRESSIVE;
				CLANG_CXX_LANGUAGE_STANDARD = "gnu++20";
				CLANG_ENABLE_MODULES = YES;
				CLANG_ENABLE_OBJC_ARC = YES;
				CLANG_ENABLE_OBJC_WEAK = YES;
				CLANG_WARN_BLOCK_CAPTURE_AUTORELEASING = YES;
				CLANG_WARN_BOOL_CONVERSION = YES;
				CLANG_WARN_COMMA = YES;
				CLANG_WARN_CONSTANT_CONVERSION = YES;
				CLANG_WARN_DEPRECATED_OBJC_IMPLEMENTATIONS = YES;
				CLANG_WARN_DIRECT_OBJC_ISA_USAGE = YES_ERROR;
				CLANG_WARN_DOCUMENTATION_COMMENTS = YES;
				CLANG_WARN_EMPTY_BODY = YES;
				CLANG_WARN_ENUM_CONVERSION = YES;
				CLANG_WARN_INFINITE_RECURSION = YES;
				CLANG_WARN_INT_CONVERSION = YES;
				CLANG_WARN_NON_LITERAL_NULL_CONVERSION = YES;
				CLANG_WARN_OBJC_IMPLICIT_RETAIN_SELF = YES;
				CLANG_WARN_OBJC_LITERAL_CONVERSION = YES;
				CLANG_WARN_OBJC_ROOT_CLASS = YES_ERROR;
				CLANG_WARN_QUOTED_INCLUDE_IN_FRAMEWORK_HEADER = YES;
				CLANG_WARN_RANGE_LOOP_ANALYSIS = YES;
				CLANG_WARN_STRICT_PROTOTYPES = YES;
				CLANG_WARN_SUSPICIOUS_MOVE = YES;
				CLANG_WARN_UNGUARDED_AVAILABILITY = YES_AGGRESSIVE;
				CLANG_WARN_UNREACHABLE_CODE = YES;
				CLANG_WARN__DUPLICATE_METHOD_MATCH = YES;
				COPY_PHASE_STRIP = NO;
				DEBUG_INFORMATION_FORMAT = dwarf;
				ENABLE_STRICT_OBJC_MSGSEND = YES;
				ENABLE_TESTABILITY = YES;
				ENABLE_USER_SCRIPT_SANDBOXING = YES;
				GCC_C_LANGUAGE_STANDARD = gnu17;
				GCC_DYNAMIC_NO_PIC = NO;
				GCC_NO_COMMON_BLOCKS = YES;
				GCC_OPTIMIZATION_LEVEL = 0;
				GCC_PREPROCESSOR_DEFINITIONS = (
					"DEBUG=1",
					"$(inherited)",
				);
				GCC_WARN_64_TO_32_BIT_CONVERSION = YES;
				GCC_WARN_ABOUT_RETURN_TYPE = YES_ERROR;
				GCC_WARN_UNDECLARED_SELECTOR = YES;
				GCC_WARN_UNINITIALIZED_AUTOS = YES_AGGRESSIVE;
				GCC_WARN_UNUSED_FUNCTION = YES;
				GCC_WARN_UNUSED_VARIABLE = YES;
				LOCALIZATION_PREFERS_STRING_CATALOGS = YES;
				MACOSX_DEPLOYMENT_TARGET = 15.5;
				MTL_ENABLE_DEBUG_INFO = INCLUDE_SOURCE;
				MTL_FAST_MATH = YES;
				ONLY_ACTIVE_ARCH = YES;
				SDKROOT = macosx;
				SWIFT_ACTIVE_COMPILATION_CONDITIONS = "DEBUG $(inherited)";
				SWIFT_OPTIMIZATION_LEVEL = "-Onone";
			};
			name = Debug;
		};
		D88A5A502E56545300FE71ED /* Release */ = {
			isa = XCBuildConfiguration;
			buildSettings = {
				ALWAYS_SEARCH_USER_PATHS = NO;
				ASSETCATALOG_COMPILER_GENERATE_SWIFT_ASSET_SYMBOL_EXTENSIONS = YES;
				CLANG_ANALYZER_NONNULL = YES;
				CLANG_ANALYZER_NUMBER_OBJECT_CONVERSION = YES_AGGRESSIVE;
				CLANG_CXX_LANGUAGE_STANDARD = "gnu++20";
				CLANG_ENABLE_MODULES = YES;
				CLANG_ENABLE_OBJC_ARC = YES;
				CLANG_ENABLE_OBJC_WEAK = YES;
				CLANG_WARN_BLOCK_CAPTURE_AUTORELEASING = YES;
				CLANG_WARN_BOOL_CONVERSION = YES;
				CLANG_WARN_COMMA = YES;
				CLANG_WARN_CONSTANT_CONVERSION = YES;
				CLANG_WARN_DEPRECATED_OBJC_IMPLEMENTATIONS = YES;
				CLANG_WARN_DIRECT_OBJC_ISA_USAGE = YES_ERROR;
				CLANG_WARN_DOCUMENTATION_COMMENTS = YES;
				CLANG_WARN_EMPTY_BODY = YES;
				CLANG_WARN_ENUM_CONVERSION = YES;
				CLANG_WARN_INFINITE_RECURSION = YES;
				CLANG_WARN_INT_CONVERSION = YES;
				CLANG_WARN_NON_LITERAL_NULL_CONVERSION = YES;
				CLANG_WARN_OBJC_IMPLICIT_RETAIN_SELF = YES;
				CLANG_WARN_OBJC_LITERAL_CONVERSION = YES;
				CLANG_WARN_OBJC_ROOT_CLASS = YES_ERROR;
				CLANG_WARN_QUOTED_INCLUDE_IN_FRAMEWORK_HEADER = YES;
				CLANG_WARN_RANGE_LOOP_ANALYSIS = YES;
				CLANG_WARN_STRICT_PROTOTYPES = YES;
				CLANG_WARN_SUSPICIOUS_MOVE = YES;
				CLANG_WARN_UNGUARDED_AVAILABILITY = YES_AGGRESSIVE;
				CLANG_WARN_UNREACHABLE_CODE = YES;
				CLANG_WARN__DUPLICATE_METHOD_MATCH = YES;
				COPY_PHASE_STRIP = NO;
				DEBUG_INFORMATION_FORMAT = "dwarf-with-dsym";
				ENABLE_NS_ASSERTIONS = NO;
				ENABLE_STRICT_OBJC_MSGSEND = YES;
				ENABLE_USER_SCRIPT_SANDBOXING = YES;
				GCC_C_LANGUAGE_STANDARD = gnu17;
				GCC_NO_COMMON_BLOCKS = YES;
				GCC_WARN_64_TO_32_BIT_CONVERSION = YES;
				GCC_WARN_ABOUT_RETURN_TYPE = YES_ERROR;
				GCC_WARN_UNDECLARED_SELECTOR = YES;
				GCC_WARN_UNINITIALIZED_AUTOS = YES_AGGRESSIVE;
				GCC_WARN_UNUSED_FUNCTION = YES;
				GCC_WARN_UNUSED_VARIABLE = YES;
				LOCALIZATION_PREFERS_STRING_CATALOGS = YES;
				MACOSX_DEPLOYMENT_TARGET = 15.5;
				MTL_ENABLE_DEBUG_INFO = NO;
				MTL_FAST_MATH = YES;
				SDKROOT = macosx;
				SWIFT_COMPILATION_MODE = wholemodule;
			};
			name = Release;
		};
		D88A5A522E56545300FE71ED /* Debug */ = {
			isa = XCBuildConfiguration;
			buildSettings = {
				ASSETCATALOG_COMPILER_APPICON_NAME = AppIcon;
				ASSETCATALOG_COMPILER_GLOBAL_ACCENT_COLOR_NAME = AccentColor;
				CODE_SIGN_ENTITLEMENTS = SpyPaste/SpyPaste.entitlements;
				CODE_SIGN_STYLE = Automatic;
				COMBINE_HIDPI_IMAGES = YES;
				CURRENT_PROJECT_VERSION = 1;
				ENABLE_PREVIEWS = YES;
				GENERATE_INFOPLIST_FILE = YES;
				INFOPLIST_KEY_NSHumanReadableCopyright = "";
				LD_RUNPATH_SEARCH_PATHS = (
					"$(inherited)",
					"@executable_path/../Frameworks",
				);
				MARKETING_VERSION = 1.0;
				PRODUCT_BUNDLE_IDENTIFIER = bladenet.xyz.SpyPaste;
				PRODUCT_NAME = "$(TARGET_NAME)";
				REGISTER_APP_GROUPS = YES;
				SWIFT_EMIT_LOC_STRINGS = YES;
				SWIFT_VERSION = 5.0;
			};
			name = Debug;
		};
		D88A5A532E56545300FE71ED /* Release */ = {
			isa = XCBuildConfiguration;
			buildSettings = {
				ASSETCATALOG_COMPILER_APPICON_NAME = AppIcon;
				ASSETCATALOG_COMPILER_GLOBAL_ACCENT_COLOR_NAME = AccentColor;
				CODE_SIGN_ENTITLEMENTS = SpyPaste/SpyPaste.entitlements;
				CODE_SIGN_STYLE = Automatic;
				COMBINE_HIDPI_IMAGES = YES;
				CURRENT_PROJECT_VERSION = 1;
				ENABLE_PREVIEWS = YES;
				GENERATE_INFOPLIST_FILE = YES;
				INFOPLIST_KEY_NSHumanReadableCopyright = "";
				LD_RUNPATH_SEARCH_PATHS = (
					"$(inherited)",
					"@executable_path/../Frameworks",
				);
				MARKETING_VERSION = 1.0;
				PRODUCT_BUNDLE_IDENTIFIER = bladenet.xyz.SpyPaste;
				PRODUCT_NAME = "$(TARGET_NAME)";
				REGISTER_APP_GROUPS = YES;
				SWIFT_EMIT_LOC_STRINGS = YES;
				SWIFT_VERSION = 5.0;
			};
			name = Release;
		};
		D88A5A552E56545300FE71ED /* Debug */ = {
			isa = XCBuildConfiguration;
			buildSettings = {
				BUNDLE_LOADER = "$(TEST_HOST)";
				CODE_SIGN_STYLE = Automatic;
				CURRENT_PROJECT_VERSION = 1;
				GENERATE_INFOPLIST_FILE = YES;
				MACOSX_DEPLOYMENT_TARGET = 15.5;
				MARKETING_VERSION = 1.0;
				PRODUCT_BUNDLE_IDENTIFIER = bladenet.xyz.SpyPasteTests;
				PRODUCT_NAME = "$(TARGET_NAME)";
				SWIFT_EMIT_LOC_STRINGS = NO;
				SWIFT_VERSION = 5.0;
				TEST_HOST = "$(BUILT_PRODUCTS_DIR)/SpyPaste.app/$(BUNDLE_EXECUTABLE_FOLDER_PATH)/SpyPaste";
			};
			name = Debug;
		};
		D88A5A562E56545300FE71ED /* Release */ = {
			isa = XCBuildConfiguration;
			buildSettings = {
				BUNDLE_LOADER = "$(TEST_HOST)";
				CODE_SIGN_STYLE = Automatic;
				CURRENT_PROJECT_VERSION = 1;
				GENERATE_INFOPLIST_FILE = YES;
				MACOSX_DEPLOYMENT_TARGET = 15.5;
				MARKETING_VERSION = 1.0;
				PRODUCT_BUNDLE_IDENTIFIER = bladenet.xyz.SpyPasteTests;
				PRODUCT_NAME = "$(TARGET_NAME)";
				SWIFT_EMIT_LOC_STRINGS = NO;
				SWIFT_VERSION = 5.0;
				TEST_HOST = "$(BUILT_PRODUCTS_DIR)/SpyPaste.app/$(BUNDLE_EXECUTABLE_FOLDER_PATH)/SpyPaste";
			};
			name = Release;
		};
		D88A5A582E56545300FE71ED /* Debug */ = {
			isa = XCBuildConfiguration;
			buildSettings = {
				CODE_SIGN_STYLE = Automatic;
				CURRENT_PROJECT_VERSION = 1;
				GENERATE_INFOPLIST_FILE = YES;
				MARKETING_VERSION = 1.0;
				PRODUCT_BUNDLE_IDENTIFIER = bladenet.xyz.SpyPasteUITests;
				PRODUCT_NAME = "$(TARGET_NAME)";
				SWIFT_EMIT_LOC_STRINGS = NO;
				SWIFT_VERSION = 5.0;
				TEST_TARGET_NAME = SpyPaste;
			};
			name = Debug;
		};
		D88A5A592E56545300FE71ED /* Release */ = {
			isa = XCBuildConfiguration;
			buildSettings = {
				CODE_SIGN_STYLE = Automatic;
				CURRENT_PROJECT_VERSION = 1;
				GENERATE_INFOPLIST_FILE = YES;
				MARKETING_VERSION = 1.0;
				PRODUCT_BUNDLE_IDENTIFIER = bladenet.xyz.SpyPasteUITests;
				PRODUCT_NAME = "$(TARGET_NAME)";
				SWIFT_EMIT_LOC_STRINGS = NO;
				SWIFT_VERSION = 5.0;
				TEST_TARGET_NAME = SpyPaste;
			};
			name = Release;
		};
/* End XCBuildConfiguration section */

/* Begin XCConfigurationList section */
		D88A5A2A2E56545200FE71ED /* Build configuration list for PBXProject "SpyPaste" */ = {
			isa = XCConfigurationList;
			buildConfigurations = (
				D88A5A4F2E56545300FE71ED /* Debug */,
				D88A5A502E56545300FE71ED /* Release */,
			);
			defaultConfigurationIsVisible = 0;
			defaultConfigurationName = Release;
		};
		D88A5A512E56545300FE71ED /* Build configuration list for PBXNativeTarget "SpyPaste" */ = {
			isa = XCConfigurationList;
			buildConfigurations = (
				D88A5A522E56545300FE71ED /* Debug */,
				D88A5A532E56545300FE71ED /* Release */,
			);
			defaultConfigurationIsVisible = 0;
			defaultConfigurationName = Release;
		};
		D88A5A542E56545300FE71ED /* Build configuration list for PBXNativeTarget "SpyPasteTests" */ = {
			isa = XCConfigurationList;
			buildConfigurations = (
				D88A5A552E56545300FE71ED /* Debug */,
				D88A5A562E56545300FE71ED /* Release */,
			);
			defaultConfigurationIsVisible = 0;
			defaultConfigurationName = Release;
		};
		D88A5A572E56545300FE71ED /* Build configuration list for PBXNativeTarget "SpyPasteUITests" */ = {
			isa = XCConfigurationList;
			buildConfigurations = (
				D88A5A582E56545300FE71ED /* Debug */,
				D88A5A592E56545300FE71ED /* Release */,
			);
			defaultConfigurationIsVisible = 0;
			defaultConfigurationName = Release;
		};
/* End XCConfigurationList section */
	};
	rootObject = D88A5A272E56545200FE71ED /* Project object */;
}
